fortio.org/assert v1.2.1 h1:48I39urpeDj65RP1KguF7akCjILNeu6vICiYMEysR7Q=
fortio.org/assert v1.2.1/go.mod h1:039mG+/iYDPO8Ibx8TrNuJCm2T2SuhwRI3uL9nHTTls=
fortio.org/cli v1.7.0 h1:w+uXZLGi4t3Vn/BvbeMuSw84Z1pvNPG9HqeGfpP68cc=
fortio.org/cli v1.7.0/go.mod h1:s4vxWz7P7T4cYOWdMF0NA693Nu1gK9OW4KoDj54/Do4=
fortio.org/dflag v1.7.2 h1:lUhXFvDlw4CJj/q7hPv/TC+n/wVoQylzQO6bUg5GQa0=
fortio.org/dflag v1.7.2/go.mod h1:6yO/NIgrWfQH195WbHJ3Y45SCx11ffivQjfx2C/FS1U=
fortio.org/log v1.15.0-pre4 h1:jAr6cn7AHhKBBdD6M2WlCqNWnePyCMp9A6++o0Zl0jY=
fortio.org/log v1.15.0-pre4/go.mod h1:t58Spg9njjymvRioh5F6qKGSupEsnMjXLGWIS1i3khE=
fortio.org/scli v1.15.1 h1:Upza50brpEZwUk8Nn2gdP4BjgqJZY3J+z7KLrrAzPjY=
fortio.org/scli v1.15.1/go.mod h1:9LOD4iPe9u73KeJGYC/Af1oFniOafO7oZ9VvwENMf/c=
fortio.org/sets v1.1.1 h1:Q7Z1Ft2lpUc1N7bfI8HofIK0QskrOflfYRyKT2LzBng=
fortio.org/sets v1.1.1/go.mod h1:J2BwIxNOLWsSU7IMZUg541kh3Au4JEKHrghVwXs68tE=
fortio.org/struct2env v0.4.1 h1:rJludAMO5eBvpWplWEQNqoVDFZr4RWMQX7RUapgZyc0=
fortio.org/struct2env v0.4.1/go.mod h1:lENUe70UwA1zDUCX+8AsO663QCFqYaprk5lnPhjD410=
fortio.org/version v1.0.4 h1:FWUMpJ+hVTNc4RhvvOJzb0xesrlRmG/a+D6bjbQ4+5U=
fortio.org/version v1.0.4/go.mod h1:2JQp9Ax+tm6QKiGuzR5nJY63kFeANcgrZ0osoQFDVm0=
github.com/fsnotify/fsnotify v1.7.0 h1:8JEhPFa5W2WU7YfeZzPNqzMP6Lwt7L2715Ggo0nosvA=
github.com/fsnotify/fsnotify v1.7.0/go.mod h1:40Bi/Hjc2AVfZrqy+aj+yEI+/bRxZnMJyTJwOpGvigM=
github.com/kortschak/goroutine v1.1.2 h1:lhllcCuERxMIK5cYr8yohZZScL1na+JM5JYPRclWjck=
github.com/kortschak/goroutine v1.1.2/go.mod h1:zKpXs1FWN/6mXasDQzfl7g0LrGFIOiA6cLs9eXKyaMY=
github.com/stealthrocket/net v0.2.1 h1:PehPGAAjuV46zaeHGlNgakFV7QDGUAREMcEQsZQ8NLo=
github.com/stealthrocket/net v0.2.1/go.mod h1:VvoFod9pYC9mo+bEg2NQB/D+KVOjxfhZjZ5zyvozq7M=
golang.org/x/crypto/x509roots/fallback v0.0.0-20240626151235-a6a393ffd658 h1:i7K6wQLN/0oxF7FT3tKkfMCstxoT4VGG36YIB9ZKLzI=
golang.org/x/crypto/x509roots/fallback v0.0.0-20240626151235-a6a393ffd658/go.mod h1:kNa9WdvYnzFwC79zRpLRMJbdEFlhyM5RPFBBZp/wWH8=
golang.org/x/exp v0.0.0-20240604190554-fc45aab8b7f8 h1:LoYXNGAShUG3m/ehNk4iFctuhGX/+R1ZpfJ4/ia80JM=
golang.org/x/exp v0.0.0-20240604190554-fc45aab8b7f8/go.mod h1:jj3sYF3dwk5D+ghuXyeI3r5MFf+NT2An6/9dOA95KSI=
golang.org/x/net v0.10.0 h1:X2//UzNDwYmtCLn7To6G58Wr6f5ahEAQgKNzv9Y951M=
golang.org/x/net v0.10.0/go.mod h1:0qNGK6F8kojg2nk9dLZ2mShWaEBan6FAoqfSigmmuDg=
golang.org/x/sys v0.21.0 h1:rF+pYz3DAGSQAxAu1CbC7catZg4ebC4UIeIhKxBZvws=
golang.org/x/sys v0.21.0/go.mod h1:/VUhepiaJMQUp4+oa/7Zr1D23ma6VTLIYjOOTFZPUcA=
