fortio.org/assert v1.2.1 h1:48I39urpeDj65RP1KguF7akCjILNeu6vICiYMEysR7Q=
fortio.org/assert v1.2.1/go.mod h1:039mG+/iYDPO8Ibx8TrNuJCm2T2SuhwRI3uL9nHTTls=
fortio.org/cli v1.10.0 h1:BsJXuBrJxBLqE+62gHSOQBRzY+EvE/sF1MnjIexUSI8=
fortio.org/cli v1.10.0/go.mod h1:DNxA/oD3cQaOtTean8Sgr78lJrwGLIs06X8U/G3va+M=
fortio.org/log v1.17.2 h1:JPX/ApDXDoGzsNtXw0AJI4ai6tl9wHp4Ch6bVs1OK0Y=
fortio.org/log v1.17.2/go.mod h1:1V7bPfFI7ZVTdtN9DnUCAN0ilEMs5VgKjHIDRO7Mjzk=
fortio.org/safecast v1.0.0 h1:dr3131WPX8iS1pTf76+39WeXbTrerDYLvi9s7Oi3wiY=
fortio.org/safecast v1.0.0/go.mod h1:xZmcPk3vi4kuUFf+tq4SvnlVdwViqf6ZSZl91Jr9Jdg=
fortio.org/sets v1.3.0 h1:UiEtck/ndNM3Tg53mJu3I7Zz1ED8+YSQLtPKSjd8LTE=
fortio.org/sets v1.3.0/go.mod h1:y8fFzm4bPTk3Qfr/tF3Xz7oWwgzpy++QdkwURKhNbP4=
fortio.org/struct2env v0.4.2 h1:Xh7HlS9vf2ZdRvRfmoGIasNDO8t6z36M713utVODRCo=
fortio.org/struct2env v0.4.2/go.mod h1:lENUe70UwA1zDUCX+8AsO663QCFqYaprk5lnPhjD410=
fortio.org/terminal v0.35.8 h1:IX5UM+l2in7U3Ezf0FzIkknqt6fEdDUQyNQVjZTMJsU=
fortio.org/terminal v0.35.8/go.mod h1:pYQTPuJAUMGQGjadeewE4gwGO0pcnpnTLjXt83SSGO4=
fortio.org/version v1.0.4 h1:FWUMpJ+hVTNc4RhvvOJzb0xesrlRmG/a+D6bjbQ4+5U=
fortio.org/version v1.0.4/go.mod h1:2JQp9Ax+tm6QKiGuzR5nJY63kFeANcgrZ0osoQFDVm0=
github.com/adrg/xdg v0.5.3 h1:xRnxJXne7+oWDatRhR1JLnvuccuIeCoBu2rtuLqQB78=
github.com/adrg/xdg v0.5.3/go.mod h1:nlTsY+NNiCBGCK2tpm09vRqfVzrc2fLmXGpBLF0zlTQ=
github.com/davecgh/go-spew v1.1.1 h1:vj9j/u1bqnvCEfJOwUhtlOARqs3+rkHYY13jYWTU97c=
github.com/davecgh/go-spew v1.1.1/go.mod h1:J7Y8YcW2NihsgmVo/mv3lAwl/skON4iLHjSsI+c5H38=
github.com/disintegration/imaging v1.6.2 h1:w1LecBlG2Lnp8B3jk5zSuNqd7b4DXhcjwek1ei82L+c=
github.com/disintegration/imaging v1.6.2/go.mod h1:44/5580QXChDfwIclfc/PCwrr44amcmDAg8hxG0Ewe4=
github.com/dustin/go-humanize v1.0.1 h1:GzkhY7T5VNhEkwH0PVJgjz+fX1rhBrR7pRT3mDkpeCY=
github.com/dustin/go-humanize v1.0.1/go.mod h1:Mu1zIs6XwVuF/gI1OepvI0qD18qycQx+mFykh5fBlto=
github.com/ebitengine/purego v0.8.2 h1:jPPGWs2sZ1UgOSgD2bClL0MJIqu58nOmIcBuXr62z1I=
github.com/ebitengine/purego v0.8.2/go.mod h1:iIjxzd6CiRiOG0UyXP+V1+jWqUXVjPKLAI0mRfJZTmQ=
github.com/evilsocket/islazy v1.11.0 h1:B5w6uuS6ki6iDG+aH/RFeoMb8ijQh/pGabewqp2UeJ0=
github.com/evilsocket/islazy v1.11.0/go.mod h1:muYH4x5MB5YRdkxnrOtrXLIBX6LySj1uFIqys94LKdo=
github.com/expr-lang/expr v1.17.2 h1:o0A99O/Px+/DTjEnQiodAgOIK9PPxL8DtXhBRKC+Iso=
github.com/expr-lang/expr v1.17.2/go.mod h1:8/vRC7+7HBzESEqt5kKpYXxrxkr31SaO8r40VO/1IT4=
github.com/google/uuid v1.6.0 h1:NIvaJDMOsjHA8n1jAhLSgzrAzy1Hgr+hNrb57e+94F0=
github.com/google/uuid v1.6.0/go.mod h1:TIyPZe4MgqvfeYDBFedMoGGpEw/LqOeaOT+nhxU+yHo=
github.com/hashicorp/golang-lru/v2 v2.0.7 h1:a+bsQ5rvGLjzHuww6tVxozPZFVghXaHOwFs4luLUK2k=
github.com/hashicorp/golang-lru/v2 v2.0.7/go.mod h1:QeFd9opnmA6QUJc5vARoKUSoFhyfM2/ZepoAG6RGpeM=
github.com/kortschak/goroutine v1.1.2 h1:lhllcCuERxMIK5cYr8yohZZScL1na+JM5JYPRclWjck=
github.com/kortschak/goroutine v1.1.2/go.mod h1:zKpXs1FWN/6mXasDQzfl7g0LrGFIOiA6cLs9eXKyaMY=
github.com/mattn/go-isatty v0.0.20 h1:xfD0iDuEKnDkl03q4limB+vH+GxLEtL/jb4xVJSWWEY=
github.com/mattn/go-isatty v0.0.20/go.mod h1:W+V8PltTTMOvKvAeJH7IuucS94S2C6jfK/D7dTCTo3Y=
github.com/ncruces/go-strftime v0.1.9 h1:bY0MQC28UADQmHmaF5dgpLmImcShSi2kHU9XLdhx/f4=
github.com/ncruces/go-strftime v0.1.9/go.mod h1:Fwc5htZGVVkseilnfgOVb9mKy6w1naJmn9CehxcKcls=
github.com/pmezard/go-difflib v1.0.0 h1:4DBwDE0NGyQoBHbLQYPwSUPoCMWR5BEzIk/f1lZbAQM=
github.com/pmezard/go-difflib v1.0.0/go.mod h1:iKH77koFhYxTK1pcRnkKkqfTogsbg7gZNVY4sRDYZ/4=
github.com/remyoudompheng/bigfft v0.0.0-20230129092748-24d4a6f8daec h1:W09IVJc94icq4NjY3clb7Lk8O1qJ8BdBEF8z0ibU0rE=
github.com/remyoudompheng/bigfft v0.0.0-20230129092748-24d4a6f8daec/go.mod h1:qqbHyh8v60DhA7CoWK5oRCqLrMHRGoxYCSS9EjAz6Eo=
github.com/rivo/uniseg v0.4.7 h1:WUdvkW8uEhrYfLC4ZzdpI2ztxP1I582+49Oc5Mq64VQ=
github.com/rivo/uniseg v0.4.7/go.mod h1:FN3SvrM+Zdj16jyLfmOkMNblXMcoc8DfTHruCPUcx88=
github.com/stretchr/testify v1.9.0 h1:HtqpIVDClZ4nwg75+f6Lvsy/wHu+3BoSGCbBAcpTsTg=
github.com/stretchr/testify v1.9.0/go.mod h1:r2ic/lqez/lEtzL7wO/rwa5dbSLXVDPFyf8C91i36aY=
golang.org/x/crypto/x509roots/fallback v0.0.0-20250406160420-959f8f3db0fb h1:Iu0p/klM0SM7atONioa/bPhLS7cjhnip99x1OIGibwg=
golang.org/x/crypto/x509roots/fallback v0.0.0-20250406160420-959f8f3db0fb/go.mod h1:lxN5T34bK4Z/i6cMaU7frUU57VkDXFD4Kamfl/cp9oU=
golang.org/x/exp v0.0.0-20250408133849-7e4ce0ab07d0 h1:R84qjqJb5nVJMxqWYb3np9L5ZsaDtB+a39EqjV0JSUM=
golang.org/x/exp v0.0.0-20250408133849-7e4ce0ab07d0/go.mod h1:S9Xr4PYopiDyqSyp5NjCrhFrqg6A5zA2E/iPHPhqnS8=
golang.org/x/image v0.0.0-20191009234506-e7c1f5e7dbb8/go.mod h1:FeLwcggjj3mMvU+oOTbSwawSJRM1uh48EjtB4UJZlP0=
golang.org/x/image v0.26.0 h1:4XjIFEZWQmCZi6Wv8BoxsDhRU3RVnLX04dToTDAEPlY=
golang.org/x/image v0.26.0/go.mod h1:lcxbMFAovzpnJxzXS3nyL83K27tmqtKzIJpctK8YO5c=
golang.org/x/mod v0.24.0 h1:ZfthKaKaT4NrhGVZHO1/WDTwGES4De8KtWO0SIbNJMU=
golang.org/x/mod v0.24.0/go.mod h1:IXM97Txy2VM4PJ3gI61r1YEk/gAj6zAHN3AdZt6S9Ww=
golang.org/x/net v0.39.0 h1:ZCu7HMWDxpXpaiKdhzIfaltL9Lp31x/3fCP11bc6/fY=
golang.org/x/net v0.39.0/go.mod h1:X7NRbYVEA+ewNkCNyJ513WmMdQ3BineSwVtN2zD/d+E=
golang.org/x/sync v0.13.0 h1:AauUjRAJ9OSnvULf/ARrrVywoJDy0YS2AwQ98I37610=
golang.org/x/sync v0.13.0/go.mod h1:1dzgHSNfp02xaA81J2MS99Qcpr2w7fw1gpm99rleRqA=
golang.org/x/sys v0.6.0/go.mod h1:oPkhp1MJrh7nUepCBck5+mAzfO9JrbApNNgaTdGDITg=
golang.org/x/sys v0.33.0 h1:q3i8TbbEz+JRD9ywIRlyRAQbM0qF7hu24q3teo2hbuw=
golang.org/x/sys v0.33.0/go.mod h1:BJP2sWEmIv4KK5OTEluFJCKSidICx8ciO85XgH3Ak8k=
golang.org/x/term v0.32.0 h1:DR4lr0TjUs3epypdhTOkMmuF5CDFJ/8pOnbzMZPQ7bg=
golang.org/x/term v0.32.0/go.mod h1:uZG1FhGx848Sqfsq4/DlJr3xGGsYMu/L5GW4abiaEPQ=
golang.org/x/text v0.3.0/go.mod h1:NqM8EUOU14njkJ3fqMW+pc6Ldnwhi/IjpwHt7yyuwOQ=
golang.org/x/text v0.24.0 h1:dd5Bzh4yt5KYA8f9CJHCP4FB4D51c2c6JvN37xJJkJ0=
golang.org/x/text v0.24.0/go.mod h1:L8rBsPeo2pSS+xqN0d5u2ikmjtmoJbDBT1b7nHvFCdU=
golang.org/x/tools v0.32.0 h1:Q7N1vhpkQv7ybVzLFtTjvQya2ewbwNDZzUgfXGqtMWU=
golang.org/x/tools v0.32.0/go.mod h1:ZxrU41P/wAbZD8EDa6dDCa6XfpkhJ7HFMjHJXfBDu8s=
gopkg.in/yaml.v3 v3.0.1 h1:fxVm/GzAzEWqLHuvctI91KS9hhNmmWOoWu0XTYJS7CA=
gopkg.in/yaml.v3 v3.0.1/go.mod h1:K4uyk7z7BCEPqu6E+C64Yfv1cQ7kz7rIZviUmN+EgEM=
grol.io/grol v0.87.1 h1:DCO9b/+ZjoZzsfFSQvid0WYcb0BtjaHs9UfvU8IyW1w=
grol.io/grol v0.87.1/go.mod h1:o7EYoGF0FCNyKQyO4QYv/USOc/1ihFhghSY4eanBp7Y=
modernc.org/cc/v4 v4.26.0 h1:QMYvbVduUGH0rrO+5mqF/PSPPRZNpRtg2CLELy7vUpA=
modernc.org/cc/v4 v4.26.0/go.mod h1:uVtb5OGqUKpoLWhqwNQo/8LwvoiEBLvZXIQ/SmO6mL0=
modernc.org/ccgo/v4 v4.27.0 h1:ApXKt4g9vCnEjrKs565hS2oHeEji2HduwIH9FysJa5k=
modernc.org/ccgo/v4 v4.27.0/go.mod h1:Sem8f7TFUtVXkG2fiaChQtyyfkqhJBg/zjEJBkmuAVY=
modernc.org/fileutil v1.3.1 h1:8vq5fe7jdtEvoCf3Zf9Nm0Q05sH6kGx0Op2CPx1wTC8=
modernc.org/fileutil v1.3.1/go.mod h1:HxmghZSZVAz/LXcMNwZPA/DRrQZEVP9VX0V4LQGQFOc=
modernc.org/fsm v1.3.2 h1:f58HBydnAmLhugDKOlNniDYfKRcOH/3T4xQTO1AZXag=
modernc.org/fsm v1.3.2/go.mod h1:5eK6OWqnX8io83LPfzIlNnUrkpxN/r1ONq3wVi8kvio=
modernc.org/gc/v2 v2.6.5 h1:nyqdV8q46KvTpZlsw66kWqwXRHdjIlJOhG6kxiV/9xI=
modernc.org/gc/v2 v2.6.5/go.mod h1:YgIahr1ypgfe7chRuJi2gD7DBQiKSLMPgBQe9oIiito=
modernc.org/gc/v3 v3.1.0 h1:CiObI+9ROz7pjjH3iAgMPaFCN5zE3sN5KF4jet8BWdc=
modernc.org/gc/v3 v3.1.0/go.mod h1:HFK/6AGESC7Ex+EZJhJ2Gni6cTaYpSMmU/cT9RmlfYY=
modernc.org/knuth v0.5.5 h1:6lap2U/ISm8aC/4NU58ALFCRllNPaK0EZcIGY/oDgUg=
modernc.org/knuth v0.5.5/go.mod h1:e5SBb35HQBj2aFwbBO3ClPcViLY3Wi0LzaOd7c/3qMk=
modernc.org/libX11 v0.11.18 h1:5miDiWrfEc1HoLJ5tkCp4e8v05gvyxPb9OXb09BANRA=
modernc.org/libX11 v0.11.18/go.mod h1:kkk23phjUxppa5t/GiTtWssXpsSZ6+hdrYz46yzVQcY=
modernc.org/libXau v0.9.15 h1:erNjsLtSZ/9D015erwJbHeDsutkT6LEOON+VI8YuLb0=
modernc.org/libXau v0.9.15/go.mod h1:LGo6mRHOYNa4ym1ttCifNrWiFc1neZfcfDfgGdy7+tM=
modernc.org/libXdmcp v0.12.14 h1:plw/jQFUFpNCEjyV+BzCHr/16LnjiHx/RxzNK0p1B3w=
modernc.org/libXdmcp v0.12.14/go.mod h1:f7BBFOuCpELPBj5YrDf5JXIuXzIHUncB1mRObDLCj8Y=
modernc.org/libXft v0.10.19 h1:GuMqRxQBBC3feRH7TMkCC6EIeY8j7+HLm5oQlNSxAIw=
modernc.org/libXft v0.10.19/go.mod h1:x7wcmlnUzG9SLfXZMG1DbMN6bRwNV+eZT4xN+iQSLkQ=
modernc.org/libXrender v0.9.13 h1:aTH9Ii0TepPm1MmC9aDr06UXNw5XvrIHC45y+3ULeRY=
modernc.org/libXrender v0.9.13/go.mod h1:6K3VytTIn9aA8WOZQY0ZjB172pVI0VR66WLOsVW7sLo=
modernc.org/libbsd v0.11.10 h1:BYRxR4L7paz3UPreS1PuKB08vULCIGcHX3GA4bBpwzQ=
modernc.org/libbsd v0.11.10/go.mod h1:NdciOdGkUDnB93ld9/nxlNG8yKhTGr6BzNGzlPErqtI=
modernc.org/libc v1.65.0 h1:e183gLDnAp9VJh6gWKdTy0CThL9Pt7MfcR/0bgb7Y1Y=
modernc.org/libc v1.65.0/go.mod h1:7m9VzGq7APssBTydds2zBcxGREwvIGpuUBaKTXdm2Qs=
modernc.org/libexpat v0.10.12 h1:SNjo4U5z7Uu01qId6RTDH5uYT1+T94Z1JJ0s8g1FB2o=
modernc.org/libexpat v0.10.12/go.mod h1:E4er4v37XcC813LkDSqbt7SB1Jj071/ceIorg1kRjzI=
modernc.org/libfontconfig v0.8.11 h1:Tqz8Ooi0qgLvD6JUbNzamqlyOwq3NPAE2N4cOF3ymYw=
modernc.org/libfontconfig v0.8.11/go.mod h1:jQaZKgJBVGmupcOKGH8C1rGr/T+VftwG/idM3cycwKY=
modernc.org/libfreetype v0.9.18 h1:RBCWzuMAmxt7Wqq/oCS08nFCscqYUDFbRPuCkTYqHCo=
modernc.org/libfreetype v0.9.18/go.mod h1:wHJJk5gn2Dw93JBGwLeSB5mAaxF6sKTbsM/p1ygQudQ=
modernc.org/libmd v0.12.17 h1:bWo6Gb3kBiYKxOeRvhISd/VJZUejYydnEH5u9osinU0=
modernc.org/libmd v0.12.17/go.mod h1:AIRFRz1/xNBhwspSuxtFfrb8yRJfn2o66re0ZtRBxCo=
modernc.org/libtcl9.0 v0.16.6 h1:tecqNcN0L9jXYsrbsE18t+IDKFDq2d7NBX8NqG4QOgo=
modernc.org/libtcl9.0 v0.16.6/go.mod h1:SMQ8Y7nVyvvJtnxpGyhZ+pzg8WtJWVn/KfHy05sdRe8=
modernc.org/libtk9.0 v0.16.6 h1:9Sm48O6IplA1As0Dko0wZELN2puLjC/cODZoQ8RjgAc=
modernc.org/libtk9.0 v0.16.6/go.mod h1:wN6m9qzZT7Foy9EE1K26oErh5YSjU/m5Fibpc4LB7yw=
modernc.org/libxcb v0.12.2 h1:N5nVW4HCLVGT2y5E3vfGEY6BMRFn4PRH8//DmpolYAI=
modernc.org/libxcb v0.12.2/go.mod h1:PP+9wTGB9E8MPEoVUiRdC1uesfmqFA7iNHEHU6M1rxY=
modernc.org/libz v0.16.16 h1:4kGPL+nynQQFoE28T3t7wfauF80puO/G/6opFO3Xik4=
modernc.org/libz v0.16.16/go.mod h1:c9DKRBJzQSMLAK1W+Toq3ZkzJGt2UihYZwgnTwEXih4=
modernc.org/mathutil v1.7.1 h1:GCZVGXdaN8gTqB1Mf/usp1Y/hSqgI2vAGGP4jZMCxOU=
modernc.org/mathutil v1.7.1/go.mod h1:4p5IwJITfppl0G4sUEDtCr4DthTaT47/N3aT6MhfgJg=
modernc.org/memory v1.10.0 h1:fzumd51yQ1DxcOxSO+S6X7+QTuVU+n8/Aj7swYjFfC4=
modernc.org/memory v1.10.0/go.mod h1:/JP4VbVC+K5sU2wZi9bHoq2MAkCnrt2r98UGeSK7Mjw=
modernc.org/ngrab v0.1.0 h1:21cX4tAIfLNjR4ax7JMfHTz2ztnjVGcCSsztoG6EFMk=
modernc.org/ngrab v0.1.0/go.mod h1:dDGjUip6IXmb5Y5M8RPYD7Sg4S/VdfG5akxK34uYtOE=
modernc.org/opt v0.1.4 h1:2kNGMRiUjrp4LcaPuLY2PzUfqM/w9N23quVwhKt5Qm8=
modernc.org/opt v0.1.4/go.mod h1:03fq9lsNfvkYSfxrfUhZCWPk1lm4cq4N+Bh//bEtgns=
modernc.org/rec v0.3.4 h1:Xz45MWGOIqFsxUuSqaF5Spe0lFpKhF4CAGouVIz5fr4=
modernc.org/rec v0.3.4/go.mod h1:WuVkIAFWRDdsRcNRbxdv5Bw/uWSOmiVaUegJ5GwAKq0=
modernc.org/regexp v1.7.9 h1:PnzXQinFBbSiXcLunjHWrKPvZqNmyw0DfdZx0rvvzQo=
modernc.org/regexp v1.7.9/go.mod h1:DsTv3IO8vq8ahN8IHKJ0s3j5oFNfkBnGN6VuWzr7Afs=
modernc.org/sortutil v1.2.1 h1:+xyoGf15mM3NMlPDnFqrteY07klSFxLElE2PVuWIJ7w=
modernc.org/sortutil v1.2.1/go.mod h1:7ZI3a3REbai7gzCLcotuw9AC4VZVpYMjDzETGsSMqJE=
modernc.org/strutil v1.2.1 h1:UneZBkQA+DX2Rp35KcM69cSsNES9ly8mQWD71HKlOA0=
modernc.org/strutil v1.2.1/go.mod h1:EHkiggD70koQxjVdSBM3JKM7k6L0FbGE5eymy9i3B9A=
modernc.org/tcl9.0 v0.16.4 h1:noYrLlwhcs4sDwEHl5V+v4YAaqdvJazAjUrq9ed6MaI=
modernc.org/tcl9.0 v0.16.4/go.mod h1:83wNhr9By1XoSyVXE4PFnq1/TnA/DY9NXoLf38qEAZo=
modernc.org/tk9.0 v0.70.1 h1:pRJpdi+UB5uQwY2DOqYxU3mhzwFm4OdC54/PazBcxJc=
modernc.org/tk9.0 v0.70.1/go.mod h1:EixZjVSmuUJws/RS/cT0rZgbZefWIB4rjMue+9GxQjI=
modernc.org/token v1.1.0 h1:Xl7Ap9dKaEs5kLoOQeQmPWevfnk/DM5qcLcYlA8ys6Y=
modernc.org/token v1.1.0/go.mod h1:UGzOrNV1mAFSEB63lOFHIpNRUVMvYTc6yu1SMY/XTDM=
